
Microsoft Visual Studio Solution File, Format Version 12.00
# Visual Studio Version 17
VisualStudioVersion = 17.0.32002.185
MinimumVisualStudioVersion = 15.0.26124.0
Project("{9A19103F-16F7-4668-BE54-9A1E7A4F7556}") = "daemonapp", "daemonapp.csproj", "{699C4C4F-6C57-4717-AFDE-422128772A0A}"
EndProject
Project("{9A19103F-16F7-4668-BE54-9A1E7A4F7556}") = "NetDaemonApps.Tests", "NetDaemonApps.Tests\NetDaemonApps.Tests.csproj", "{D3039461-6A2C-4A88-A7B5-A5A55071302F}"
EndProject
Project("{9A19103F-16F7-4668-BE54-9A1E7A4F7556}") = "NetDaemon.Extensions.MqttEntityManager", "..\netdaemon\src\Extensions\NetDaemon.Extensions.MqttEntityManager\NetDaemon.Extensions.MqttEntityManager.csproj", "{0645ABCB-4B33-4C4F-AAD0-2FC5562165FB}"
EndProject
Project("{9A19103F-16F7-4668-BE54-9A1E7A4F7556}") = "NetDaemonApp.Specs", "..\NetDaemonApp.Specs\NetDaemonApp.Specs.csproj", "{DB11DC9C-01D7-4C84-AD9D-2B96E018A9DC}"
EndProject
Project("{FAE04EC0-301F-11D3-BF4B-00C04F79EFBC}") = "Niemand.Tests", "Niemand.Tests\Niemand.Tests.csproj", "{2D60E34D-FD5B-46ED-BC6B-8428527EB7D9}"
EndProject
Project("{FAE04EC0-301F-11D3-BF4B-00C04F79EFBC}") = "NetDaemon.Extensions.Testing", "..\netdaemon-extentions-testing\NetDaemon.Extensions.Testing\NetDaemon.Extensions.Testing.csproj", "{FC355B08-30C0-41C2-A24D-4B0313FFFA93}"
EndProject
Global
	GlobalSection(SolutionConfigurationPlatforms) = preSolution
		Debug|Any CPU = Debug|Any CPU
		Debug|x64 = Debug|x64
		Debug|x86 = Debug|x86
		Release|Any CPU = Release|Any CPU
		Release|x64 = Release|x64
		Release|x86 = Release|x86
	EndGlobalSection
	GlobalSection(ProjectConfigurationPlatforms) = postSolution
		{699C4C4F-6C57-4717-AFDE-422128772A0A}.Debug|Any CPU.ActiveCfg = Debug|Any CPU
		{699C4C4F-6C57-4717-AFDE-422128772A0A}.Debug|Any CPU.Build.0 = Debug|Any CPU
		{699C4C4F-6C57-4717-AFDE-422128772A0A}.Debug|x64.ActiveCfg = Debug|Any CPU
		{699C4C4F-6C57-4717-AFDE-422128772A0A}.Debug|x64.Build.0 = Debug|Any CPU
		{699C4C4F-6C57-4717-AFDE-422128772A0A}.Debug|x86.ActiveCfg = Debug|Any CPU
		{699C4C4F-6C57-4717-AFDE-422128772A0A}.Debug|x86.Build.0 = Debug|Any CPU
		{699C4C4F-6C57-4717-AFDE-422128772A0A}.Release|Any CPU.ActiveCfg = Release|Any CPU
		{699C4C4F-6C57-4717-AFDE-422128772A0A}.Release|Any CPU.Build.0 = Release|Any CPU
		{699C4C4F-6C57-4717-AFDE-422128772A0A}.Release|x64.ActiveCfg = Release|Any CPU
		{699C4C4F-6C57-4717-AFDE-422128772A0A}.Release|x64.Build.0 = Release|Any CPU
		{699C4C4F-6C57-4717-AFDE-422128772A0A}.Release|x86.ActiveCfg = Release|Any CPU
		{699C4C4F-6C57-4717-AFDE-422128772A0A}.Release|x86.Build.0 = Release|Any CPU
		{D3039461-6A2C-4A88-A7B5-A5A55071302F}.Debug|Any CPU.ActiveCfg = Debug|Any CPU
		{D3039461-6A2C-4A88-A7B5-A5A55071302F}.Debug|Any CPU.Build.0 = Debug|Any CPU
		{D3039461-6A2C-4A88-A7B5-A5A55071302F}.Debug|x64.ActiveCfg = Debug|Any CPU
		{D3039461-6A2C-4A88-A7B5-A5A55071302F}.Debug|x64.Build.0 = Debug|Any CPU
		{D3039461-6A2C-4A88-A7B5-A5A55071302F}.Debug|x86.ActiveCfg = Debug|Any CPU
		{D3039461-6A2C-4A88-A7B5-A5A55071302F}.Debug|x86.Build.0 = Debug|Any CPU
		{D3039461-6A2C-4A88-A7B5-A5A55071302F}.Release|Any CPU.ActiveCfg = Release|Any CPU
		{D3039461-6A2C-4A88-A7B5-A5A55071302F}.Release|Any CPU.Build.0 = Release|Any CPU
		{D3039461-6A2C-4A88-A7B5-A5A55071302F}.Release|x64.ActiveCfg = Release|Any CPU
		{D3039461-6A2C-4A88-A7B5-A5A55071302F}.Release|x64.Build.0 = Release|Any CPU
		{D3039461-6A2C-4A88-A7B5-A5A55071302F}.Release|x86.ActiveCfg = Release|Any CPU
		{D3039461-6A2C-4A88-A7B5-A5A55071302F}.Release|x86.Build.0 = Release|Any CPU
		{0645ABCB-4B33-4C4F-AAD0-2FC5562165FB}.Debug|Any CPU.ActiveCfg = Debug|Any CPU
		{0645ABCB-4B33-4C4F-AAD0-2FC5562165FB}.Debug|Any CPU.Build.0 = Debug|Any CPU
		{0645ABCB-4B33-4C4F-AAD0-2FC5562165FB}.Debug|x64.ActiveCfg = Debug|Any CPU
		{0645ABCB-4B33-4C4F-AAD0-2FC5562165FB}.Debug|x64.Build.0 = Debug|Any CPU
		{0645ABCB-4B33-4C4F-AAD0-2FC5562165FB}.Debug|x86.ActiveCfg = Debug|Any CPU
		{0645ABCB-4B33-4C4F-AAD0-2FC5562165FB}.Debug|x86.Build.0 = Debug|Any CPU
		{0645ABCB-4B33-4C4F-AAD0-2FC5562165FB}.Release|Any CPU.ActiveCfg = Release|Any CPU
		{0645ABCB-4B33-4C4F-AAD0-2FC5562165FB}.Release|Any CPU.Build.0 = Release|Any CPU
		{0645ABCB-4B33-4C4F-AAD0-2FC5562165FB}.Release|x64.ActiveCfg = Release|Any CPU
		{0645ABCB-4B33-4C4F-AAD0-2FC5562165FB}.Release|x64.Build.0 = Release|Any CPU
		{0645ABCB-4B33-4C4F-AAD0-2FC5562165FB}.Release|x86.ActiveCfg = Release|Any CPU
		{0645ABCB-4B33-4C4F-AAD0-2FC5562165FB}.Release|x86.Build.0 = Release|Any CPU
		{DB11DC9C-01D7-4C84-AD9D-2B96E018A9DC}.Debug|Any CPU.ActiveCfg = Debug|Any CPU
		{DB11DC9C-01D7-4C84-AD9D-2B96E018A9DC}.Debug|Any CPU.Build.0 = Debug|Any CPU
		{DB11DC9C-01D7-4C84-AD9D-2B96E018A9DC}.Debug|x64.ActiveCfg = Debug|Any CPU
		{DB11DC9C-01D7-4C84-AD9D-2B96E018A9DC}.Debug|x64.Build.0 = Debug|Any CPU
		{DB11DC9C-01D7-4C84-AD9D-2B96E018A9DC}.Debug|x86.ActiveCfg = Debug|Any CPU
		{DB11DC9C-01D7-4C84-AD9D-2B96E018A9DC}.Debug|x86.Build.0 = Debug|Any CPU
		{DB11DC9C-01D7-4C84-AD9D-2B96E018A9DC}.Release|Any CPU.ActiveCfg = Release|Any CPU
		{DB11DC9C-01D7-4C84-AD9D-2B96E018A9DC}.Release|Any CPU.Build.0 = Release|Any CPU
		{DB11DC9C-01D7-4C84-AD9D-2B96E018A9DC}.Release|x64.ActiveCfg = Release|Any CPU
		{DB11DC9C-01D7-4C84-AD9D-2B96E018A9DC}.Release|x64.Build.0 = Release|Any CPU
		{DB11DC9C-01D7-4C84-AD9D-2B96E018A9DC}.Release|x86.ActiveCfg = Release|Any CPU
		{DB11DC9C-01D7-4C84-AD9D-2B96E018A9DC}.Release|x86.Build.0 = Release|Any CPU
		{2D60E34D-FD5B-46ED-BC6B-8428527EB7D9}.Debug|Any CPU.ActiveCfg = Debug|Any CPU
		{2D60E34D-FD5B-46ED-BC6B-8428527EB7D9}.Debug|Any CPU.Build.0 = Debug|Any CPU
		{2D60E34D-FD5B-46ED-BC6B-8428527EB7D9}.Debug|x64.ActiveCfg = Debug|Any CPU
		{2D60E34D-FD5B-46ED-BC6B-8428527EB7D9}.Debug|x64.Build.0 = Debug|Any CPU
		{2D60E34D-FD5B-46ED-BC6B-8428527EB7D9}.Debug|x86.ActiveCfg = Debug|Any CPU
		{2D60E34D-FD5B-46ED-BC6B-8428527EB7D9}.Debug|x86.Build.0 = Debug|Any CPU
		{2D60E34D-FD5B-46ED-BC6B-8428527EB7D9}.Release|Any CPU.ActiveCfg = Release|Any CPU
		{2D60E34D-FD5B-46ED-BC6B-8428527EB7D9}.Release|Any CPU.Build.0 = Release|Any CPU
		{2D60E34D-FD5B-46ED-BC6B-8428527EB7D9}.Release|x64.ActiveCfg = Release|Any CPU
		{2D60E34D-FD5B-46ED-BC6B-8428527EB7D9}.Release|x64.Build.0 = Release|Any CPU
		{2D60E34D-FD5B-46ED-BC6B-8428527EB7D9}.Release|x86.ActiveCfg = Release|Any CPU
		{2D60E34D-FD5B-46ED-BC6B-8428527EB7D9}.Release|x86.Build.0 = Release|Any CPU
		{FC355B08-30C0-41C2-A24D-4B0313FFFA93}.Debug|Any CPU.ActiveCfg = Debug|Any CPU
		{FC355B08-30C0-41C2-A24D-4B0313FFFA93}.Debug|Any CPU.Build.0 = Debug|Any CPU
		{FC355B08-30C0-41C2-A24D-4B0313FFFA93}.Debug|x64.ActiveCfg = Debug|Any CPU
		{FC355B08-30C0-41C2-A24D-4B0313FFFA93}.Debug|x64.Build.0 = Debug|Any CPU
		{FC355B08-30C0-41C2-A24D-4B0313FFFA93}.Debug|x86.ActiveCfg = Debug|Any CPU
		{FC355B08-30C0-41C2-A24D-4B0313FFFA93}.Debug|x86.Build.0 = Debug|Any CPU
		{FC355B08-30C0-41C2-A24D-4B0313FFFA93}.Release|Any CPU.ActiveCfg = Release|Any CPU
		{FC355B08-30C0-41C2-A24D-4B0313FFFA93}.Release|Any CPU.Build.0 = Release|Any CPU
		{FC355B08-30C0-41C2-A24D-4B0313FFFA93}.Release|x64.ActiveCfg = Release|Any CPU
		{FC355B08-30C0-41C2-A24D-4B0313FFFA93}.Release|x64.Build.0 = Release|Any CPU
		{FC355B08-30C0-41C2-A24D-4B0313FFFA93}.Release|x86.ActiveCfg = Release|Any CPU
		{FC355B08-30C0-41C2-A24D-4B0313FFFA93}.Release|x86.Build.0 = Release|Any CPU
	EndGlobalSection
	GlobalSection(SolutionProperties) = preSolution
		HideSolutionNode = FALSE
	EndGlobalSection
	GlobalSection(ExtensibilityGlobals) = postSolution
		SolutionGuid = {FB22D3E4-51BB-40B8-A4B5-9A12FEB44C6D}
	EndGlobalSection
EndGlobal
